
Microsoft Visual Studio Solution File, Format Version 12.00
# Visual Studio Version 17
VisualStudioVersion = 17.0.31423.177
MinimumVisualStudioVersion = 10.0.40219.1
Project("{9A19103F-16F7-4668-BE54-9A1E7A4F7556}") = "Utils.Geography", "Utils.Geography\Utils.Geography.csproj", "{4CA5BD5E-C018-45DE-A1BF-FFEE49C20866}"
EndProject
Project("{9A19103F-16F7-4668-BE54-9A1E7A4F7556}") = "Utils", "Utils\Utils.csproj", "{6236A342-793E-4864-AE7D-41D1404B1653}"
EndProject
Project("{9A19103F-16F7-4668-BE54-9A1E7A4F7556}") = "UtilsTest", "UtilsTest\UtilsTest.csproj", "{7D46E8FF-4FFE-4FE6-A63F-7B75F079F675}"
EndProject
Project("{9A19103F-16F7-4668-BE54-9A1E7A4F7556}") = "Utils.Imaging", "Utils.Imaging\Utils.Imaging.csproj", "{7C997F53-B8D4-4B03-8339-6C47348306F0}"
EndProject
Project("{9A19103F-16F7-4668-BE54-9A1E7A4F7556}") = "Utils.Reflection", "Utils.Reflection\Utils.Reflection.csproj", "{133B8780-F093-4354-8A9D-DEEC3F949ECB}"
EndProject
Project("{9A19103F-16F7-4668-BE54-9A1E7A4F7556}") = "Fractals", "Fractals\Fractals.csproj", "{4EE3D033-7384-4BF7-8159-8589BF00DC03}"
EndProject
Project("{9A19103F-16F7-4668-BE54-9A1E7A4F7556}") = "Utils.Net", "Utils.Net\Utils.Net.csproj", "{88E4D245-F817-4F24-B029-44EC41836F91}"
EndProject
Project("{9A19103F-16F7-4668-BE54-9A1E7A4F7556}") = "Utils.IO", "Utils.IO\Utils.IO.csproj", "{A5395030-8D5C-41DB-8B43-3C9E16A8EE1E}"
EndProject
Project("{9A19103F-16F7-4668-BE54-9A1E7A4F7556}") = "DrawTest", "DrawTest\DrawTest.csproj", "{B37B9781-B5E3-4832-9CF3-7DA9C4662C82}"
EndProject
Project("{9A19103F-16F7-4668-BE54-9A1E7A4F7556}") = "Utils.Fonts", "Utils.Fonts\Utils.Fonts.csproj", "{D4A3DE07-BE58-4905-BA85-FD2C0E1D545E}"
EndProject
Project("{9A19103F-16F7-4668-BE54-9A1E7A4F7556}") = "Utils.VirtualMachine", "Utils.VirtualMachine\Utils.VirtualMachine.csproj", "{5E4940A7-A5F2-48AF-89BC-43A6B75BF22C}"
EndProject
Project("{9A19103F-16F7-4668-BE54-9A1E7A4F7556}") = "Utils.Data", "Utils.Data\Utils.Data.csproj", "{F63B616A-5662-41D9-8C33-1E5656FE2491}"
EndProject
Project("{FAE04EC0-301F-11D3-BF4B-00C04F79EFBC}") = "Utils.Mathematics", "Utils.Mathematics\Utils.Mathematics.csproj", "{77F82802-20ED-42B2-A4AE-A1E44D7C29D7}"
EndProject
Project("{FAE04EC0-301F-11D3-BF4B-00C04F79EFBC}") = "Utils.DependencyInjection", "Utils.DependencyInjection\Utils.DependencyInjection.csproj", "{1A33F876-BD82-4275-BFD4-53C267256E49}"
EndProject
Project("{FAE04EC0-301F-11D3-BF4B-00C04F79EFBC}") = "Utils.DependencyInjection.Generators", "Utils.DependencyInjection.Generators\Utils.DependencyInjection.Generators.csproj", "{5BAC102A-5A28-4659-B0D8-AA174C94E873}"
EndProject
Project("{FAE04EC0-301F-11D3-BF4B-00C04F79EFBC}") = "Utils.IO.Serialization.Generators", "Utils.IO.Serialization.Generators\Utils.IO.Serialization.Generators.csproj", "{855513D6-067A-4791-9831-59D7312428FC}"
EndProject
Project("{FAE04EC0-301F-11D3-BF4B-00C04F79EFBC}") = "Utils.Xml", "Utils.Xml\Utils.Xml.csproj", "{E7E652FE-8273-4222-AEFB-8D17F136754F}"
EndProject
Global
	GlobalSection(SolutionConfigurationPlatforms) = preSolution
		Debug|Any CPU = Debug|Any CPU
		Debug|x64 = Debug|x64
		Debug|x86 = Debug|x86
		GitHub|Any CPU = GitHub|Any CPU
		GitHub|x64 = GitHub|x64
		GitHub|x86 = GitHub|x86
		Release|Any CPU = Release|Any CPU
		Release|x64 = Release|x64
		Release|x86 = Release|x86
	EndGlobalSection
	GlobalSection(ProjectConfigurationPlatforms) = postSolution
		{4CA5BD5E-C018-45DE-A1BF-FFEE49C20866}.Debug|Any CPU.ActiveCfg = Debug|Any CPU
		{4CA5BD5E-C018-45DE-A1BF-FFEE49C20866}.Debug|Any CPU.Build.0 = Debug|Any CPU
		{4CA5BD5E-C018-45DE-A1BF-FFEE49C20866}.Debug|x64.ActiveCfg = Debug|Any CPU
		{4CA5BD5E-C018-45DE-A1BF-FFEE49C20866}.Debug|x64.Build.0 = Debug|Any CPU
		{4CA5BD5E-C018-45DE-A1BF-FFEE49C20866}.Debug|x86.ActiveCfg = Debug|Any CPU
		{4CA5BD5E-C018-45DE-A1BF-FFEE49C20866}.Debug|x86.Build.0 = Debug|Any CPU
		{4CA5BD5E-C018-45DE-A1BF-FFEE49C20866}.GitHub|Any CPU.ActiveCfg = Release|Any CPU
		{4CA5BD5E-C018-45DE-A1BF-FFEE49C20866}.GitHub|Any CPU.Build.0 = Release|Any CPU
		{4CA5BD5E-C018-45DE-A1BF-FFEE49C20866}.GitHub|x64.ActiveCfg = GitHub|Any CPU
		{4CA5BD5E-C018-45DE-A1BF-FFEE49C20866}.GitHub|x64.Build.0 = GitHub|Any CPU
		{4CA5BD5E-C018-45DE-A1BF-FFEE49C20866}.GitHub|x86.ActiveCfg = GitHub|Any CPU
		{4CA5BD5E-C018-45DE-A1BF-FFEE49C20866}.GitHub|x86.Build.0 = GitHub|Any CPU
		{4CA5BD5E-C018-45DE-A1BF-FFEE49C20866}.Release|Any CPU.ActiveCfg = Release|Any CPU
		{4CA5BD5E-C018-45DE-A1BF-FFEE49C20866}.Release|Any CPU.Build.0 = Release|Any CPU
		{4CA5BD5E-C018-45DE-A1BF-FFEE49C20866}.Release|x64.ActiveCfg = Release|Any CPU
		{4CA5BD5E-C018-45DE-A1BF-FFEE49C20866}.Release|x64.Build.0 = Release|Any CPU
		{4CA5BD5E-C018-45DE-A1BF-FFEE49C20866}.Release|x86.ActiveCfg = Release|Any CPU
		{4CA5BD5E-C018-45DE-A1BF-FFEE49C20866}.Release|x86.Build.0 = Release|Any CPU
		{6236A342-793E-4864-AE7D-41D1404B1653}.Debug|Any CPU.ActiveCfg = Debug|Any CPU
		{6236A342-793E-4864-AE7D-41D1404B1653}.Debug|Any CPU.Build.0 = Debug|Any CPU
		{6236A342-793E-4864-AE7D-41D1404B1653}.Debug|x64.ActiveCfg = Debug|Any CPU
		{6236A342-793E-4864-AE7D-41D1404B1653}.Debug|x64.Build.0 = Debug|Any CPU
		{6236A342-793E-4864-AE7D-41D1404B1653}.Debug|x86.ActiveCfg = Debug|Any CPU
		{6236A342-793E-4864-AE7D-41D1404B1653}.Debug|x86.Build.0 = Debug|Any CPU
		{6236A342-793E-4864-AE7D-41D1404B1653}.GitHub|Any CPU.ActiveCfg = Release|Any CPU
		{6236A342-793E-4864-AE7D-41D1404B1653}.GitHub|Any CPU.Build.0 = Release|Any CPU
		{6236A342-793E-4864-AE7D-41D1404B1653}.GitHub|x64.ActiveCfg = GitHub|Any CPU
		{6236A342-793E-4864-AE7D-41D1404B1653}.GitHub|x64.Build.0 = GitHub|Any CPU
		{6236A342-793E-4864-AE7D-41D1404B1653}.GitHub|x86.ActiveCfg = GitHub|Any CPU
		{6236A342-793E-4864-AE7D-41D1404B1653}.GitHub|x86.Build.0 = GitHub|Any CPU
		{6236A342-793E-4864-AE7D-41D1404B1653}.Release|Any CPU.ActiveCfg = Release|Any CPU
		{6236A342-793E-4864-AE7D-41D1404B1653}.Release|Any CPU.Build.0 = Release|Any CPU
		{6236A342-793E-4864-AE7D-41D1404B1653}.Release|x64.ActiveCfg = Release|Any CPU
		{6236A342-793E-4864-AE7D-41D1404B1653}.Release|x64.Build.0 = Release|Any CPU
		{6236A342-793E-4864-AE7D-41D1404B1653}.Release|x86.ActiveCfg = Release|Any CPU
		{6236A342-793E-4864-AE7D-41D1404B1653}.Release|x86.Build.0 = Release|Any CPU
		{7D46E8FF-4FFE-4FE6-A63F-7B75F079F675}.Debug|Any CPU.ActiveCfg = Debug|Any CPU
		{7D46E8FF-4FFE-4FE6-A63F-7B75F079F675}.Debug|Any CPU.Build.0 = Debug|Any CPU
		{7D46E8FF-4FFE-4FE6-A63F-7B75F079F675}.Debug|x64.ActiveCfg = Debug|Any CPU
		{7D46E8FF-4FFE-4FE6-A63F-7B75F079F675}.Debug|x64.Build.0 = Debug|Any CPU
		{7D46E8FF-4FFE-4FE6-A63F-7B75F079F675}.Debug|x86.ActiveCfg = Debug|Any CPU
		{7D46E8FF-4FFE-4FE6-A63F-7B75F079F675}.Debug|x86.Build.0 = Debug|Any CPU
		{7D46E8FF-4FFE-4FE6-A63F-7B75F079F675}.GitHub|Any CPU.ActiveCfg = Release|Any CPU
		{7D46E8FF-4FFE-4FE6-A63F-7B75F079F675}.GitHub|Any CPU.Build.0 = Release|Any CPU
		{7D46E8FF-4FFE-4FE6-A63F-7B75F079F675}.GitHub|x64.ActiveCfg = GitHub|Any CPU
		{7D46E8FF-4FFE-4FE6-A63F-7B75F079F675}.GitHub|x64.Build.0 = GitHub|Any CPU
		{7D46E8FF-4FFE-4FE6-A63F-7B75F079F675}.GitHub|x86.ActiveCfg = GitHub|Any CPU
		{7D46E8FF-4FFE-4FE6-A63F-7B75F079F675}.GitHub|x86.Build.0 = GitHub|Any CPU
		{7D46E8FF-4FFE-4FE6-A63F-7B75F079F675}.Release|Any CPU.ActiveCfg = Release|Any CPU
		{7D46E8FF-4FFE-4FE6-A63F-7B75F079F675}.Release|Any CPU.Build.0 = Release|Any CPU
		{7D46E8FF-4FFE-4FE6-A63F-7B75F079F675}.Release|x64.ActiveCfg = Release|Any CPU
		{7D46E8FF-4FFE-4FE6-A63F-7B75F079F675}.Release|x64.Build.0 = Release|Any CPU
		{7D46E8FF-4FFE-4FE6-A63F-7B75F079F675}.Release|x86.ActiveCfg = Release|Any CPU
		{7D46E8FF-4FFE-4FE6-A63F-7B75F079F675}.Release|x86.Build.0 = Release|Any CPU
		{7C997F53-B8D4-4B03-8339-6C47348306F0}.Debug|Any CPU.ActiveCfg = Debug|Any CPU
		{7C997F53-B8D4-4B03-8339-6C47348306F0}.Debug|Any CPU.Build.0 = Debug|Any CPU
		{7C997F53-B8D4-4B03-8339-6C47348306F0}.Debug|x64.ActiveCfg = Debug|Any CPU
		{7C997F53-B8D4-4B03-8339-6C47348306F0}.Debug|x64.Build.0 = Debug|Any CPU
		{7C997F53-B8D4-4B03-8339-6C47348306F0}.Debug|x86.ActiveCfg = Debug|Any CPU
		{7C997F53-B8D4-4B03-8339-6C47348306F0}.Debug|x86.Build.0 = Debug|Any CPU
		{7C997F53-B8D4-4B03-8339-6C47348306F0}.GitHub|Any CPU.ActiveCfg = Release|Any CPU
		{7C997F53-B8D4-4B03-8339-6C47348306F0}.GitHub|Any CPU.Build.0 = Release|Any CPU
		{7C997F53-B8D4-4B03-8339-6C47348306F0}.GitHub|x64.ActiveCfg = GitHub|Any CPU
		{7C997F53-B8D4-4B03-8339-6C47348306F0}.GitHub|x64.Build.0 = GitHub|Any CPU
		{7C997F53-B8D4-4B03-8339-6C47348306F0}.GitHub|x86.ActiveCfg = GitHub|Any CPU
		{7C997F53-B8D4-4B03-8339-6C47348306F0}.GitHub|x86.Build.0 = GitHub|Any CPU
		{7C997F53-B8D4-4B03-8339-6C47348306F0}.Release|Any CPU.ActiveCfg = Release|Any CPU
		{7C997F53-B8D4-4B03-8339-6C47348306F0}.Release|Any CPU.Build.0 = Release|Any CPU
		{7C997F53-B8D4-4B03-8339-6C47348306F0}.Release|x64.ActiveCfg = Release|Any CPU
		{7C997F53-B8D4-4B03-8339-6C47348306F0}.Release|x64.Build.0 = Release|Any CPU
		{7C997F53-B8D4-4B03-8339-6C47348306F0}.Release|x86.ActiveCfg = Release|Any CPU
		{7C997F53-B8D4-4B03-8339-6C47348306F0}.Release|x86.Build.0 = Release|Any CPU
		{133B8780-F093-4354-8A9D-DEEC3F949ECB}.Debug|Any CPU.ActiveCfg = Debug|Any CPU
		{133B8780-F093-4354-8A9D-DEEC3F949ECB}.Debug|Any CPU.Build.0 = Debug|Any CPU
		{133B8780-F093-4354-8A9D-DEEC3F949ECB}.Debug|x64.ActiveCfg = Debug|Any CPU
		{133B8780-F093-4354-8A9D-DEEC3F949ECB}.Debug|x64.Build.0 = Debug|Any CPU
		{133B8780-F093-4354-8A9D-DEEC3F949ECB}.Debug|x86.ActiveCfg = Debug|Any CPU
		{133B8780-F093-4354-8A9D-DEEC3F949ECB}.Debug|x86.Build.0 = Debug|Any CPU
		{133B8780-F093-4354-8A9D-DEEC3F949ECB}.GitHub|Any CPU.ActiveCfg = Release|Any CPU
		{133B8780-F093-4354-8A9D-DEEC3F949ECB}.GitHub|Any CPU.Build.0 = Release|Any CPU
		{133B8780-F093-4354-8A9D-DEEC3F949ECB}.GitHub|x64.ActiveCfg = GitHub|Any CPU
		{133B8780-F093-4354-8A9D-DEEC3F949ECB}.GitHub|x64.Build.0 = GitHub|Any CPU
		{133B8780-F093-4354-8A9D-DEEC3F949ECB}.GitHub|x86.ActiveCfg = GitHub|Any CPU
		{133B8780-F093-4354-8A9D-DEEC3F949ECB}.GitHub|x86.Build.0 = GitHub|Any CPU
		{133B8780-F093-4354-8A9D-DEEC3F949ECB}.Release|Any CPU.ActiveCfg = Release|Any CPU
		{133B8780-F093-4354-8A9D-DEEC3F949ECB}.Release|Any CPU.Build.0 = Release|Any CPU
		{133B8780-F093-4354-8A9D-DEEC3F949ECB}.Release|x64.ActiveCfg = Release|Any CPU
		{133B8780-F093-4354-8A9D-DEEC3F949ECB}.Release|x64.Build.0 = Release|Any CPU
		{133B8780-F093-4354-8A9D-DEEC3F949ECB}.Release|x86.ActiveCfg = Release|Any CPU
		{133B8780-F093-4354-8A9D-DEEC3F949ECB}.Release|x86.Build.0 = Release|Any CPU
		{4EE3D033-7384-4BF7-8159-8589BF00DC03}.Debug|Any CPU.ActiveCfg = Debug|Any CPU
		{4EE3D033-7384-4BF7-8159-8589BF00DC03}.Debug|Any CPU.Build.0 = Debug|Any CPU
		{4EE3D033-7384-4BF7-8159-8589BF00DC03}.Debug|x64.ActiveCfg = Debug|Any CPU
		{4EE3D033-7384-4BF7-8159-8589BF00DC03}.Debug|x64.Build.0 = Debug|Any CPU
		{4EE3D033-7384-4BF7-8159-8589BF00DC03}.Debug|x86.ActiveCfg = Debug|Any CPU
		{4EE3D033-7384-4BF7-8159-8589BF00DC03}.Debug|x86.Build.0 = Debug|Any CPU
		{4EE3D033-7384-4BF7-8159-8589BF00DC03}.GitHub|Any CPU.ActiveCfg = Release|Any CPU
		{4EE3D033-7384-4BF7-8159-8589BF00DC03}.GitHub|x64.ActiveCfg = GitHub|Any CPU
		{4EE3D033-7384-4BF7-8159-8589BF00DC03}.GitHub|x64.Build.0 = GitHub|Any CPU
		{4EE3D033-7384-4BF7-8159-8589BF00DC03}.GitHub|x86.ActiveCfg = GitHub|Any CPU
		{4EE3D033-7384-4BF7-8159-8589BF00DC03}.GitHub|x86.Build.0 = GitHub|Any CPU
		{4EE3D033-7384-4BF7-8159-8589BF00DC03}.Release|Any CPU.ActiveCfg = Release|Any CPU
		{4EE3D033-7384-4BF7-8159-8589BF00DC03}.Release|Any CPU.Build.0 = Release|Any CPU
		{4EE3D033-7384-4BF7-8159-8589BF00DC03}.Release|x64.ActiveCfg = Release|Any CPU
		{4EE3D033-7384-4BF7-8159-8589BF00DC03}.Release|x64.Build.0 = Release|Any CPU
		{4EE3D033-7384-4BF7-8159-8589BF00DC03}.Release|x86.ActiveCfg = Release|Any CPU
		{4EE3D033-7384-4BF7-8159-8589BF00DC03}.Release|x86.Build.0 = Release|Any CPU
		{88E4D245-F817-4F24-B029-44EC41836F91}.Debug|Any CPU.ActiveCfg = Debug|Any CPU
		{88E4D245-F817-4F24-B029-44EC41836F91}.Debug|Any CPU.Build.0 = Debug|Any CPU
		{88E4D245-F817-4F24-B029-44EC41836F91}.Debug|x64.ActiveCfg = Debug|Any CPU
		{88E4D245-F817-4F24-B029-44EC41836F91}.Debug|x64.Build.0 = Debug|Any CPU
		{88E4D245-F817-4F24-B029-44EC41836F91}.Debug|x86.ActiveCfg = Debug|Any CPU
		{88E4D245-F817-4F24-B029-44EC41836F91}.Debug|x86.Build.0 = Debug|Any CPU
		{88E4D245-F817-4F24-B029-44EC41836F91}.GitHub|Any CPU.ActiveCfg = Release|Any CPU
		{88E4D245-F817-4F24-B029-44EC41836F91}.GitHub|Any CPU.Build.0 = Release|Any CPU
		{88E4D245-F817-4F24-B029-44EC41836F91}.GitHub|x64.ActiveCfg = GitHub|Any CPU
		{88E4D245-F817-4F24-B029-44EC41836F91}.GitHub|x64.Build.0 = GitHub|Any CPU
		{88E4D245-F817-4F24-B029-44EC41836F91}.GitHub|x86.ActiveCfg = GitHub|Any CPU
		{88E4D245-F817-4F24-B029-44EC41836F91}.GitHub|x86.Build.0 = GitHub|Any CPU
		{88E4D245-F817-4F24-B029-44EC41836F91}.Release|Any CPU.ActiveCfg = Release|Any CPU
		{88E4D245-F817-4F24-B029-44EC41836F91}.Release|Any CPU.Build.0 = Release|Any CPU
		{88E4D245-F817-4F24-B029-44EC41836F91}.Release|x64.ActiveCfg = Release|Any CPU
		{88E4D245-F817-4F24-B029-44EC41836F91}.Release|x64.Build.0 = Release|Any CPU
		{88E4D245-F817-4F24-B029-44EC41836F91}.Release|x86.ActiveCfg = Release|Any CPU
		{88E4D245-F817-4F24-B029-44EC41836F91}.Release|x86.Build.0 = Release|Any CPU
		{A5395030-8D5C-41DB-8B43-3C9E16A8EE1E}.Debug|Any CPU.ActiveCfg = Debug|Any CPU
		{A5395030-8D5C-41DB-8B43-3C9E16A8EE1E}.Debug|Any CPU.Build.0 = Debug|Any CPU
		{A5395030-8D5C-41DB-8B43-3C9E16A8EE1E}.Debug|x64.ActiveCfg = Debug|Any CPU
		{A5395030-8D5C-41DB-8B43-3C9E16A8EE1E}.Debug|x64.Build.0 = Debug|Any CPU
		{A5395030-8D5C-41DB-8B43-3C9E16A8EE1E}.Debug|x86.ActiveCfg = Debug|Any CPU
		{A5395030-8D5C-41DB-8B43-3C9E16A8EE1E}.Debug|x86.Build.0 = Debug|Any CPU
		{A5395030-8D5C-41DB-8B43-3C9E16A8EE1E}.GitHub|Any CPU.ActiveCfg = Release|Any CPU
		{A5395030-8D5C-41DB-8B43-3C9E16A8EE1E}.GitHub|Any CPU.Build.0 = Release|Any CPU
		{A5395030-8D5C-41DB-8B43-3C9E16A8EE1E}.GitHub|x64.ActiveCfg = GitHub|Any CPU
		{A5395030-8D5C-41DB-8B43-3C9E16A8EE1E}.GitHub|x64.Build.0 = GitHub|Any CPU
		{A5395030-8D5C-41DB-8B43-3C9E16A8EE1E}.GitHub|x86.ActiveCfg = GitHub|Any CPU
		{A5395030-8D5C-41DB-8B43-3C9E16A8EE1E}.GitHub|x86.Build.0 = GitHub|Any CPU
		{A5395030-8D5C-41DB-8B43-3C9E16A8EE1E}.Release|Any CPU.ActiveCfg = Release|Any CPU
		{A5395030-8D5C-41DB-8B43-3C9E16A8EE1E}.Release|Any CPU.Build.0 = Release|Any CPU
		{A5395030-8D5C-41DB-8B43-3C9E16A8EE1E}.Release|x64.ActiveCfg = Release|Any CPU
		{A5395030-8D5C-41DB-8B43-3C9E16A8EE1E}.Release|x64.Build.0 = Release|Any CPU
		{A5395030-8D5C-41DB-8B43-3C9E16A8EE1E}.Release|x86.ActiveCfg = Release|Any CPU
		{A5395030-8D5C-41DB-8B43-3C9E16A8EE1E}.Release|x86.Build.0 = Release|Any CPU
		{B37B9781-B5E3-4832-9CF3-7DA9C4662C82}.Debug|Any CPU.ActiveCfg = Debug|Any CPU
		{B37B9781-B5E3-4832-9CF3-7DA9C4662C82}.Debug|Any CPU.Build.0 = Debug|Any CPU
		{B37B9781-B5E3-4832-9CF3-7DA9C4662C82}.Debug|x64.ActiveCfg = Debug|Any CPU
		{B37B9781-B5E3-4832-9CF3-7DA9C4662C82}.Debug|x64.Build.0 = Debug|Any CPU
		{B37B9781-B5E3-4832-9CF3-7DA9C4662C82}.Debug|x86.ActiveCfg = Debug|Any CPU
		{B37B9781-B5E3-4832-9CF3-7DA9C4662C82}.Debug|x86.Build.0 = Debug|Any CPU
		{B37B9781-B5E3-4832-9CF3-7DA9C4662C82}.GitHub|Any CPU.ActiveCfg = Release|Any CPU
		{B37B9781-B5E3-4832-9CF3-7DA9C4662C82}.GitHub|x64.ActiveCfg = GitHub|Any CPU
		{B37B9781-B5E3-4832-9CF3-7DA9C4662C82}.GitHub|x64.Build.0 = GitHub|Any CPU
		{B37B9781-B5E3-4832-9CF3-7DA9C4662C82}.GitHub|x86.ActiveCfg = GitHub|Any CPU
		{B37B9781-B5E3-4832-9CF3-7DA9C4662C82}.GitHub|x86.Build.0 = GitHub|Any CPU
		{B37B9781-B5E3-4832-9CF3-7DA9C4662C82}.Release|Any CPU.ActiveCfg = Release|Any CPU
		{B37B9781-B5E3-4832-9CF3-7DA9C4662C82}.Release|Any CPU.Build.0 = Release|Any CPU
		{B37B9781-B5E3-4832-9CF3-7DA9C4662C82}.Release|x64.ActiveCfg = Release|Any CPU
		{B37B9781-B5E3-4832-9CF3-7DA9C4662C82}.Release|x64.Build.0 = Release|Any CPU
		{B37B9781-B5E3-4832-9CF3-7DA9C4662C82}.Release|x86.ActiveCfg = Release|Any CPU
		{B37B9781-B5E3-4832-9CF3-7DA9C4662C82}.Release|x86.Build.0 = Release|Any CPU
		{D4A3DE07-BE58-4905-BA85-FD2C0E1D545E}.Debug|Any CPU.ActiveCfg = Debug|Any CPU
		{D4A3DE07-BE58-4905-BA85-FD2C0E1D545E}.Debug|Any CPU.Build.0 = Debug|Any CPU
		{D4A3DE07-BE58-4905-BA85-FD2C0E1D545E}.Debug|x64.ActiveCfg = Debug|Any CPU
		{D4A3DE07-BE58-4905-BA85-FD2C0E1D545E}.Debug|x64.Build.0 = Debug|Any CPU
		{D4A3DE07-BE58-4905-BA85-FD2C0E1D545E}.Debug|x86.ActiveCfg = Debug|Any CPU
		{D4A3DE07-BE58-4905-BA85-FD2C0E1D545E}.Debug|x86.Build.0 = Debug|Any CPU
		{D4A3DE07-BE58-4905-BA85-FD2C0E1D545E}.GitHub|Any CPU.ActiveCfg = Release|Any CPU
		{D4A3DE07-BE58-4905-BA85-FD2C0E1D545E}.GitHub|Any CPU.Build.0 = Release|Any CPU
		{D4A3DE07-BE58-4905-BA85-FD2C0E1D545E}.GitHub|x64.ActiveCfg = GitHub|Any CPU
		{D4A3DE07-BE58-4905-BA85-FD2C0E1D545E}.GitHub|x64.Build.0 = GitHub|Any CPU
		{D4A3DE07-BE58-4905-BA85-FD2C0E1D545E}.GitHub|x86.ActiveCfg = GitHub|Any CPU
		{D4A3DE07-BE58-4905-BA85-FD2C0E1D545E}.GitHub|x86.Build.0 = GitHub|Any CPU
		{D4A3DE07-BE58-4905-BA85-FD2C0E1D545E}.Release|Any CPU.ActiveCfg = Release|Any CPU
		{D4A3DE07-BE58-4905-BA85-FD2C0E1D545E}.Release|Any CPU.Build.0 = Release|Any CPU
		{D4A3DE07-BE58-4905-BA85-FD2C0E1D545E}.Release|x64.ActiveCfg = Release|Any CPU
		{D4A3DE07-BE58-4905-BA85-FD2C0E1D545E}.Release|x64.Build.0 = Release|Any CPU
		{D4A3DE07-BE58-4905-BA85-FD2C0E1D545E}.Release|x86.ActiveCfg = Release|Any CPU
		{D4A3DE07-BE58-4905-BA85-FD2C0E1D545E}.Release|x86.Build.0 = Release|Any CPU
		{5E4940A7-A5F2-48AF-89BC-43A6B75BF22C}.Debug|Any CPU.ActiveCfg = Debug|Any CPU
		{5E4940A7-A5F2-48AF-89BC-43A6B75BF22C}.Debug|Any CPU.Build.0 = Debug|Any CPU
		{5E4940A7-A5F2-48AF-89BC-43A6B75BF22C}.Debug|x64.ActiveCfg = Debug|Any CPU
		{5E4940A7-A5F2-48AF-89BC-43A6B75BF22C}.Debug|x64.Build.0 = Debug|Any CPU
		{5E4940A7-A5F2-48AF-89BC-43A6B75BF22C}.Debug|x86.ActiveCfg = Debug|Any CPU
		{5E4940A7-A5F2-48AF-89BC-43A6B75BF22C}.Debug|x86.Build.0 = Debug|Any CPU
		{5E4940A7-A5F2-48AF-89BC-43A6B75BF22C}.GitHub|Any CPU.ActiveCfg = Release|Any CPU
		{5E4940A7-A5F2-48AF-89BC-43A6B75BF22C}.GitHub|Any CPU.Build.0 = Release|Any CPU
		{5E4940A7-A5F2-48AF-89BC-43A6B75BF22C}.GitHub|x64.ActiveCfg = GitHub|Any CPU
		{5E4940A7-A5F2-48AF-89BC-43A6B75BF22C}.GitHub|x64.Build.0 = GitHub|Any CPU
		{5E4940A7-A5F2-48AF-89BC-43A6B75BF22C}.GitHub|x86.ActiveCfg = GitHub|Any CPU
		{5E4940A7-A5F2-48AF-89BC-43A6B75BF22C}.GitHub|x86.Build.0 = GitHub|Any CPU
		{5E4940A7-A5F2-48AF-89BC-43A6B75BF22C}.Release|Any CPU.ActiveCfg = Release|Any CPU
		{5E4940A7-A5F2-48AF-89BC-43A6B75BF22C}.Release|Any CPU.Build.0 = Release|Any CPU
		{5E4940A7-A5F2-48AF-89BC-43A6B75BF22C}.Release|x64.ActiveCfg = Release|Any CPU
		{5E4940A7-A5F2-48AF-89BC-43A6B75BF22C}.Release|x64.Build.0 = Release|Any CPU
		{5E4940A7-A5F2-48AF-89BC-43A6B75BF22C}.Release|x86.ActiveCfg = Release|Any CPU
		{5E4940A7-A5F2-48AF-89BC-43A6B75BF22C}.Release|x86.Build.0 = Release|Any CPU
		{F63B616A-5662-41D9-8C33-1E5656FE2491}.Debug|Any CPU.ActiveCfg = Debug|Any CPU
		{F63B616A-5662-41D9-8C33-1E5656FE2491}.Debug|Any CPU.Build.0 = Debug|Any CPU
		{F63B616A-5662-41D9-8C33-1E5656FE2491}.Debug|x64.ActiveCfg = Debug|Any CPU
		{F63B616A-5662-41D9-8C33-1E5656FE2491}.Debug|x64.Build.0 = Debug|Any CPU
		{F63B616A-5662-41D9-8C33-1E5656FE2491}.Debug|x86.ActiveCfg = Debug|Any CPU
		{F63B616A-5662-41D9-8C33-1E5656FE2491}.Debug|x86.Build.0 = Debug|Any CPU
		{F63B616A-5662-41D9-8C33-1E5656FE2491}.GitHub|Any CPU.ActiveCfg = Debug|Any CPU
		{F63B616A-5662-41D9-8C33-1E5656FE2491}.GitHub|Any CPU.Build.0 = Debug|Any CPU
		{F63B616A-5662-41D9-8C33-1E5656FE2491}.GitHub|x64.ActiveCfg = GitHub|Any CPU
		{F63B616A-5662-41D9-8C33-1E5656FE2491}.GitHub|x64.Build.0 = GitHub|Any CPU
		{F63B616A-5662-41D9-8C33-1E5656FE2491}.GitHub|x86.ActiveCfg = GitHub|Any CPU
		{F63B616A-5662-41D9-8C33-1E5656FE2491}.GitHub|x86.Build.0 = GitHub|Any CPU
		{F63B616A-5662-41D9-8C33-1E5656FE2491}.Release|Any CPU.ActiveCfg = Release|Any CPU
		{F63B616A-5662-41D9-8C33-1E5656FE2491}.Release|Any CPU.Build.0 = Release|Any CPU
		{F63B616A-5662-41D9-8C33-1E5656FE2491}.Release|x64.ActiveCfg = Release|Any CPU
		{F63B616A-5662-41D9-8C33-1E5656FE2491}.Release|x64.Build.0 = Release|Any CPU
		{F63B616A-5662-41D9-8C33-1E5656FE2491}.Release|x86.ActiveCfg = Release|Any CPU
		{F63B616A-5662-41D9-8C33-1E5656FE2491}.Release|x86.Build.0 = Release|Any CPU
		{77F82802-20ED-42B2-A4AE-A1E44D7C29D7}.Debug|Any CPU.ActiveCfg = Debug|Any CPU
		{77F82802-20ED-42B2-A4AE-A1E44D7C29D7}.Debug|Any CPU.Build.0 = Debug|Any CPU
		{77F82802-20ED-42B2-A4AE-A1E44D7C29D7}.Debug|x64.ActiveCfg = Debug|Any CPU
		{77F82802-20ED-42B2-A4AE-A1E44D7C29D7}.Debug|x64.Build.0 = Debug|Any CPU
		{77F82802-20ED-42B2-A4AE-A1E44D7C29D7}.Debug|x86.ActiveCfg = Debug|Any CPU
		{77F82802-20ED-42B2-A4AE-A1E44D7C29D7}.Debug|x86.Build.0 = Debug|Any CPU
		{77F82802-20ED-42B2-A4AE-A1E44D7C29D7}.GitHub|Any CPU.ActiveCfg = Debug|Any CPU
		{77F82802-20ED-42B2-A4AE-A1E44D7C29D7}.GitHub|Any CPU.Build.0 = Debug|Any CPU
		{77F82802-20ED-42B2-A4AE-A1E44D7C29D7}.GitHub|x64.ActiveCfg = GitHub|Any CPU
		{77F82802-20ED-42B2-A4AE-A1E44D7C29D7}.GitHub|x64.Build.0 = GitHub|Any CPU
		{77F82802-20ED-42B2-A4AE-A1E44D7C29D7}.GitHub|x86.ActiveCfg = GitHub|Any CPU
		{77F82802-20ED-42B2-A4AE-A1E44D7C29D7}.GitHub|x86.Build.0 = GitHub|Any CPU
		{77F82802-20ED-42B2-A4AE-A1E44D7C29D7}.Release|Any CPU.ActiveCfg = Release|Any CPU
		{77F82802-20ED-42B2-A4AE-A1E44D7C29D7}.Release|Any CPU.Build.0 = Release|Any CPU
		{77F82802-20ED-42B2-A4AE-A1E44D7C29D7}.Release|x64.ActiveCfg = Release|Any CPU
		{77F82802-20ED-42B2-A4AE-A1E44D7C29D7}.Release|x64.Build.0 = Release|Any CPU
		{77F82802-20ED-42B2-A4AE-A1E44D7C29D7}.Release|x86.ActiveCfg = Release|Any CPU
		{77F82802-20ED-42B2-A4AE-A1E44D7C29D7}.Release|x86.Build.0 = Release|Any CPU
		{1A33F876-BD82-4275-BFD4-53C267256E49}.Debug|Any CPU.ActiveCfg = Debug|Any CPU
		{1A33F876-BD82-4275-BFD4-53C267256E49}.Debug|Any CPU.Build.0 = Debug|Any CPU
		{1A33F876-BD82-4275-BFD4-53C267256E49}.Debug|x64.ActiveCfg = Debug|Any CPU
		{1A33F876-BD82-4275-BFD4-53C267256E49}.Debug|x64.Build.0 = Debug|Any CPU
		{1A33F876-BD82-4275-BFD4-53C267256E49}.Debug|x86.ActiveCfg = Debug|Any CPU
		{1A33F876-BD82-4275-BFD4-53C267256E49}.Debug|x86.Build.0 = Debug|Any CPU
		{1A33F876-BD82-4275-BFD4-53C267256E49}.GitHub|Any CPU.ActiveCfg = Release|Any CPU
		{1A33F876-BD82-4275-BFD4-53C267256E49}.GitHub|Any CPU.Build.0 = Release|Any CPU
		{1A33F876-BD82-4275-BFD4-53C267256E49}.GitHub|x64.ActiveCfg = GitHub|Any CPU
		{1A33F876-BD82-4275-BFD4-53C267256E49}.GitHub|x64.Build.0 = GitHub|Any CPU
		{1A33F876-BD82-4275-BFD4-53C267256E49}.GitHub|x86.ActiveCfg = GitHub|Any CPU
		{1A33F876-BD82-4275-BFD4-53C267256E49}.GitHub|x86.Build.0 = GitHub|Any CPU
		{1A33F876-BD82-4275-BFD4-53C267256E49}.Release|Any CPU.ActiveCfg = Release|Any CPU
		{1A33F876-BD82-4275-BFD4-53C267256E49}.Release|Any CPU.Build.0 = Release|Any CPU
		{1A33F876-BD82-4275-BFD4-53C267256E49}.Release|x64.ActiveCfg = Release|Any CPU
		{1A33F876-BD82-4275-BFD4-53C267256E49}.Release|x64.Build.0 = Release|Any CPU
		{1A33F876-BD82-4275-BFD4-53C267256E49}.Release|x86.ActiveCfg = Release|Any CPU
		{1A33F876-BD82-4275-BFD4-53C267256E49}.Release|x86.Build.0 = Release|Any CPU
		{5BAC102A-5A28-4659-B0D8-AA174C94E873}.Debug|Any CPU.ActiveCfg = Debug|Any CPU
		{5BAC102A-5A28-4659-B0D8-AA174C94E873}.Debug|Any CPU.Build.0 = Debug|Any CPU
		{5BAC102A-5A28-4659-B0D8-AA174C94E873}.Debug|x64.ActiveCfg = Debug|Any CPU
		{5BAC102A-5A28-4659-B0D8-AA174C94E873}.Debug|x64.Build.0 = Debug|Any CPU
		{5BAC102A-5A28-4659-B0D8-AA174C94E873}.Debug|x86.ActiveCfg = Debug|Any CPU
		{5BAC102A-5A28-4659-B0D8-AA174C94E873}.Debug|x86.Build.0 = Debug|Any CPU
		{5BAC102A-5A28-4659-B0D8-AA174C94E873}.GitHub|Any CPU.ActiveCfg = Debug|Any CPU
		{5BAC102A-5A28-4659-B0D8-AA174C94E873}.GitHub|Any CPU.Build.0 = Debug|Any CPU
		{5BAC102A-5A28-4659-B0D8-AA174C94E873}.GitHub|x64.ActiveCfg = Debug|Any CPU
		{5BAC102A-5A28-4659-B0D8-AA174C94E873}.GitHub|x64.Build.0 = Debug|Any CPU
		{5BAC102A-5A28-4659-B0D8-AA174C94E873}.GitHub|x86.ActiveCfg = Debug|Any CPU
		{5BAC102A-5A28-4659-B0D8-AA174C94E873}.GitHub|x86.Build.0 = Debug|Any CPU
		{5BAC102A-5A28-4659-B0D8-AA174C94E873}.Release|Any CPU.ActiveCfg = Release|Any CPU
		{5BAC102A-5A28-4659-B0D8-AA174C94E873}.Release|Any CPU.Build.0 = Release|Any CPU
		{5BAC102A-5A28-4659-B0D8-AA174C94E873}.Release|x64.ActiveCfg = Release|Any CPU
		{5BAC102A-5A28-4659-B0D8-AA174C94E873}.Release|x64.Build.0 = Release|Any CPU
		{5BAC102A-5A28-4659-B0D8-AA174C94E873}.Release|x86.ActiveCfg = Release|Any CPU
		{5BAC102A-5A28-4659-B0D8-AA174C94E873}.Release|x86.Build.0 = Release|Any CPU
		{855513D6-067A-4791-9831-59D7312428FC}.Debug|Any CPU.ActiveCfg = Debug|Any CPU
		{855513D6-067A-4791-9831-59D7312428FC}.Debug|Any CPU.Build.0 = Debug|Any CPU
		{855513D6-067A-4791-9831-59D7312428FC}.Debug|x64.ActiveCfg = Debug|Any CPU
		{855513D6-067A-4791-9831-59D7312428FC}.Debug|x64.Build.0 = Debug|Any CPU
		{855513D6-067A-4791-9831-59D7312428FC}.Debug|x86.ActiveCfg = Debug|Any CPU
		{855513D6-067A-4791-9831-59D7312428FC}.Debug|x86.Build.0 = Debug|Any CPU
		{855513D6-067A-4791-9831-59D7312428FC}.GitHub|Any CPU.ActiveCfg = Debug|Any CPU
		{855513D6-067A-4791-9831-59D7312428FC}.GitHub|Any CPU.Build.0 = Debug|Any CPU
		{855513D6-067A-4791-9831-59D7312428FC}.GitHub|x64.ActiveCfg = Debug|Any CPU
		{855513D6-067A-4791-9831-59D7312428FC}.GitHub|x64.Build.0 = Debug|Any CPU
		{855513D6-067A-4791-9831-59D7312428FC}.GitHub|x86.ActiveCfg = Debug|Any CPU
		{855513D6-067A-4791-9831-59D7312428FC}.GitHub|x86.Build.0 = Debug|Any CPU
		{855513D6-067A-4791-9831-59D7312428FC}.Release|Any CPU.ActiveCfg = Release|Any CPU
		{855513D6-067A-4791-9831-59D7312428FC}.Release|Any CPU.Build.0 = Release|Any CPU
		{855513D6-067A-4791-9831-59D7312428FC}.Release|x64.ActiveCfg = Release|Any CPU
		{855513D6-067A-4791-9831-59D7312428FC}.Release|x64.Build.0 = Release|Any CPU
		{855513D6-067A-4791-9831-59D7312428FC}.Release|x86.ActiveCfg = Release|Any CPU
		{855513D6-067A-4791-9831-59D7312428FC}.Release|x86.Build.0 = Release|Any CPU
		{E7E652FE-8273-4222-AEFB-8D17F136754F}.Debug|Any CPU.ActiveCfg = Debug|Any CPU
		{E7E652FE-8273-4222-AEFB-8D17F136754F}.Debug|Any CPU.Build.0 = Debug|Any CPU
		{E7E652FE-8273-4222-AEFB-8D17F136754F}.Debug|x64.ActiveCfg = Debug|Any CPU
		{E7E652FE-8273-4222-AEFB-8D17F136754F}.Debug|x64.Build.0 = Debug|Any CPU
		{E7E652FE-8273-4222-AEFB-8D17F136754F}.Debug|x86.ActiveCfg = Debug|Any CPU
		{E7E652FE-8273-4222-AEFB-8D17F136754F}.Debug|x86.Build.0 = Debug|Any CPU
		{E7E652FE-8273-4222-AEFB-8D17F136754F}.GitHub|Any CPU.ActiveCfg = Debug|Any CPU
		{E7E652FE-8273-4222-AEFB-8D17F136754F}.GitHub|Any CPU.Build.0 = Debug|Any CPU
		{E7E652FE-8273-4222-AEFB-8D17F136754F}.GitHub|x64.ActiveCfg = Debug|Any CPU
		{E7E652FE-8273-4222-AEFB-8D17F136754F}.GitHub|x64.Build.0 = Debug|Any CPU
		{E7E652FE-8273-4222-AEFB-8D17F136754F}.GitHub|x86.ActiveCfg = Debug|Any CPU
		{E7E652FE-8273-4222-AEFB-8D17F136754F}.GitHub|x86.Build.0 = Debug|Any CPU
		{E7E652FE-8273-4222-AEFB-8D17F136754F}.Release|Any CPU.ActiveCfg = Release|Any CPU
		{E7E652FE-8273-4222-AEFB-8D17F136754F}.Release|Any CPU.Build.0 = Release|Any CPU
		{E7E652FE-8273-4222-AEFB-8D17F136754F}.Release|x64.ActiveCfg = Release|Any CPU
		{E7E652FE-8273-4222-AEFB-8D17F136754F}.Release|x64.Build.0 = Release|Any CPU
		{E7E652FE-8273-4222-AEFB-8D17F136754F}.Release|x86.ActiveCfg = Release|Any CPU
		{E7E652FE-8273-4222-AEFB-8D17F136754F}.Release|x86.Build.0 = Release|Any CPU
	EndGlobalSection
	GlobalSection(SolutionProperties) = preSolution
		HideSolutionNode = FALSE
	EndGlobalSection
	GlobalSection(ExtensibilityGlobals) = postSolution
		SolutionGuid = {475395EF-3890-4431-801D-BCC2637C3251}
	EndGlobalSection
EndGlobal
