
Microsoft Visual Studio Solution File, Format Version 12.00
# Visual Studio Version 16
VisualStudioVersion = 16.0.29324.140
MinimumVisualStudioVersion = 10.0.40219.1
Project("{9A19103F-16F7-4668-BE54-9A1E7A4F7556}") = "Utils.Geography", "Utils.Geography\Utils.Geography.csproj", "{4CA5BD5E-C018-45DE-A1BF-FFEE49C20866}"
EndProject
Project("{9A19103F-16F7-4668-BE54-9A1E7A4F7556}") = "Utils.Imaging", "Utils.Imaging\Utils.Imaging.csproj", "{7AFF4171-913B-4880-9E41-8461C963ECBF}"
EndProject
Project("{9A19103F-16F7-4668-BE54-9A1E7A4F7556}") = "Utils.Expressions", "Utils.Mathematics.Expressions\Utils.Expressions.csproj", "{F59AF95B-04B1-422F-A153-EA53955C5B88}"
EndProject
Project("{9A19103F-16F7-4668-BE54-9A1E7A4F7556}") = "UtilsTest", "UtilsTest\UtilsTest.csproj", "{C1C19F35-97B9-4585-BF64-26C92043D841}"
EndProject
Project("{9A19103F-16F7-4668-BE54-9A1E7A4F7556}") = "Utils", "Utils\Utils.csproj", "{0225D396-F911-43BD-B357-D678153D6942}"
EndProject
Global
	GlobalSection(SolutionConfigurationPlatforms) = preSolution
		Debug|Any CPU = Debug|Any CPU
		Release|Any CPU = Release|Any CPU
	EndGlobalSection
	GlobalSection(ProjectConfigurationPlatforms) = postSolution
		{4CA5BD5E-C018-45DE-A1BF-FFEE49C20866}.Debug|Any CPU.ActiveCfg = Debug|Any CPU
		{4CA5BD5E-C018-45DE-A1BF-FFEE49C20866}.Debug|Any CPU.Build.0 = Debug|Any CPU
		{4CA5BD5E-C018-45DE-A1BF-FFEE49C20866}.Release|Any CPU.ActiveCfg = Release|Any CPU
		{4CA5BD5E-C018-45DE-A1BF-FFEE49C20866}.Release|Any CPU.Build.0 = Release|Any CPU
		{7AFF4171-913B-4880-9E41-8461C963ECBF}.Debug|Any CPU.ActiveCfg = Debug|Any CPU
		{7AFF4171-913B-4880-9E41-8461C963ECBF}.Debug|Any CPU.Build.0 = Debug|Any CPU
		{7AFF4171-913B-4880-9E41-8461C963ECBF}.Release|Any CPU.ActiveCfg = Release|Any CPU
		{7AFF4171-913B-4880-9E41-8461C963ECBF}.Release|Any CPU.Build.0 = Release|Any CPU
		{F59AF95B-04B1-422F-A153-EA53955C5B88}.Debug|Any CPU.ActiveCfg = Debug|Any CPU
		{F59AF95B-04B1-422F-A153-EA53955C5B88}.Debug|Any CPU.Build.0 = Debug|Any CPU
		{F59AF95B-04B1-422F-A153-EA53955C5B88}.Release|Any CPU.ActiveCfg = Release|Any CPU
		{F59AF95B-04B1-422F-A153-EA53955C5B88}.Release|Any CPU.Build.0 = Release|Any CPU
		{C1C19F35-97B9-4585-BF64-26C92043D841}.Debug|Any CPU.ActiveCfg = Debug|Any CPU
		{C1C19F35-97B9-4585-BF64-26C92043D841}.Debug|Any CPU.Build.0 = Debug|Any CPU
		{C1C19F35-97B9-4585-BF64-26C92043D841}.Release|Any CPU.ActiveCfg = Release|Any CPU
		{C1C19F35-97B9-4585-BF64-26C92043D841}.Release|Any CPU.Build.0 = Release|Any CPU
		{0225D396-F911-43BD-B357-D678153D6942}.Debug|Any CPU.ActiveCfg = Debug|Any CPU
		{0225D396-F911-43BD-B357-D678153D6942}.Debug|Any CPU.Build.0 = Debug|Any CPU
		{0225D396-F911-43BD-B357-D678153D6942}.Release|Any CPU.ActiveCfg = Release|Any CPU
		{0225D396-F911-43BD-B357-D678153D6942}.Release|Any CPU.Build.0 = Release|Any CPU
	EndGlobalSection
	GlobalSection(SolutionProperties) = preSolution
		HideSolutionNode = FALSE
	EndGlobalSection
	GlobalSection(ExtensibilityGlobals) = postSolution
		SolutionGuid = {475395EF-3890-4431-801D-BCC2637C3251}
	EndGlobalSection
EndGlobal
