
Microsoft Visual Studio Solution File, Format Version 12.00
# Visual Studio Version 16
VisualStudioVersion = 16.0.29324.140
MinimumVisualStudioVersion = 10.0.40219.1
Project("{9A19103F-16F7-4668-BE54-9A1E7A4F7556}") = "Utils.Geography", "Utils.Geography\Utils.Geography.csproj", "{4CA5BD5E-C018-45DE-A1BF-FFEE49C20866}"
EndProject
Project("{9A19103F-16F7-4668-BE54-9A1E7A4F7556}") = "Utils", "Utils\Utils.csproj", "{6236A342-793E-4864-AE7D-41D1404B1653}"
EndProject
Project("{9A19103F-16F7-4668-BE54-9A1E7A4F7556}") = "UtilsTest", "UtilsTest\UtilsTest.csproj", "{7D46E8FF-4FFE-4FE6-A63F-7B75F079F675}"
EndProject
Project("{9A19103F-16F7-4668-BE54-9A1E7A4F7556}") = "Utils.Imaging", "Utils.Imaging\Utils.Imaging.csproj", "{7C997F53-B8D4-4B03-8339-6C47348306F0}"
EndProject
Project("{9A19103F-16F7-4668-BE54-9A1E7A4F7556}") = "Utils.Reflection", "Utils.Reflection\Utils.Reflection.csproj", "{133B8780-F093-4354-8A9D-DEEC3F949ECB}"
EndProject
Project("{9A19103F-16F7-4668-BE54-9A1E7A4F7556}") = "Fractals", "Fractals\Fractals.csproj", "{4EE3D033-7384-4BF7-8159-8589BF00DC03}"
EndProject
Project("{9A19103F-16F7-4668-BE54-9A1E7A4F7556}") = "Utils.Net", "System.Net\Utils.Net.csproj", "{88E4D245-F817-4F24-B029-44EC41836F91}"
EndProject
Project("{9A19103F-16F7-4668-BE54-9A1E7A4F7556}") = "Utils.IO", "Utils.IO\Utils.IO.csproj", "{A5395030-8D5C-41DB-8B43-3C9E16A8EE1E}"
EndProject
Project("{FAE04EC0-301F-11D3-BF4B-00C04F79EFBC}") = "DrawTest", "DrawTest\DrawTest.csproj", "{B37B9781-B5E3-4832-9CF3-7DA9C4662C82}"
EndProject
Global
	GlobalSection(SolutionConfigurationPlatforms) = preSolution
		Debug|Any CPU = Debug|Any CPU
		Release|Any CPU = Release|Any CPU
	EndGlobalSection
	GlobalSection(ProjectConfigurationPlatforms) = postSolution
		{4CA5BD5E-C018-45DE-A1BF-FFEE49C20866}.Debug|Any CPU.ActiveCfg = Debug|Any CPU
		{4CA5BD5E-C018-45DE-A1BF-FFEE49C20866}.Debug|Any CPU.Build.0 = Debug|Any CPU
		{4CA5BD5E-C018-45DE-A1BF-FFEE49C20866}.Release|Any CPU.ActiveCfg = Release|Any CPU
		{4CA5BD5E-C018-45DE-A1BF-FFEE49C20866}.Release|Any CPU.Build.0 = Release|Any CPU
		{6236A342-793E-4864-AE7D-41D1404B1653}.Debug|Any CPU.ActiveCfg = Debug|Any CPU
		{6236A342-793E-4864-AE7D-41D1404B1653}.Debug|Any CPU.Build.0 = Debug|Any CPU
		{6236A342-793E-4864-AE7D-41D1404B1653}.Release|Any CPU.ActiveCfg = Release|Any CPU
		{6236A342-793E-4864-AE7D-41D1404B1653}.Release|Any CPU.Build.0 = Release|Any CPU
		{7D46E8FF-4FFE-4FE6-A63F-7B75F079F675}.Debug|Any CPU.ActiveCfg = Debug|Any CPU
		{7D46E8FF-4FFE-4FE6-A63F-7B75F079F675}.Debug|Any CPU.Build.0 = Debug|Any CPU
		{7D46E8FF-4FFE-4FE6-A63F-7B75F079F675}.Release|Any CPU.ActiveCfg = Release|Any CPU
		{7D46E8FF-4FFE-4FE6-A63F-7B75F079F675}.Release|Any CPU.Build.0 = Release|Any CPU
		{7C997F53-B8D4-4B03-8339-6C47348306F0}.Debug|Any CPU.ActiveCfg = Debug|Any CPU
		{7C997F53-B8D4-4B03-8339-6C47348306F0}.Debug|Any CPU.Build.0 = Debug|Any CPU
		{7C997F53-B8D4-4B03-8339-6C47348306F0}.Release|Any CPU.ActiveCfg = Release|Any CPU
		{7C997F53-B8D4-4B03-8339-6C47348306F0}.Release|Any CPU.Build.0 = Release|Any CPU
		{133B8780-F093-4354-8A9D-DEEC3F949ECB}.Debug|Any CPU.ActiveCfg = Debug|Any CPU
		{133B8780-F093-4354-8A9D-DEEC3F949ECB}.Debug|Any CPU.Build.0 = Debug|Any CPU
		{133B8780-F093-4354-8A9D-DEEC3F949ECB}.Release|Any CPU.ActiveCfg = Release|Any CPU
		{133B8780-F093-4354-8A9D-DEEC3F949ECB}.Release|Any CPU.Build.0 = Release|Any CPU
		{4EE3D033-7384-4BF7-8159-8589BF00DC03}.Debug|Any CPU.ActiveCfg = Debug|Any CPU
		{4EE3D033-7384-4BF7-8159-8589BF00DC03}.Debug|Any CPU.Build.0 = Debug|Any CPU
		{4EE3D033-7384-4BF7-8159-8589BF00DC03}.Release|Any CPU.ActiveCfg = Release|Any CPU
		{4EE3D033-7384-4BF7-8159-8589BF00DC03}.Release|Any CPU.Build.0 = Release|Any CPU
		{88E4D245-F817-4F24-B029-44EC41836F91}.Debug|Any CPU.ActiveCfg = Debug|Any CPU
		{88E4D245-F817-4F24-B029-44EC41836F91}.Debug|Any CPU.Build.0 = Debug|Any CPU
		{88E4D245-F817-4F24-B029-44EC41836F91}.Release|Any CPU.ActiveCfg = Release|Any CPU
		{88E4D245-F817-4F24-B029-44EC41836F91}.Release|Any CPU.Build.0 = Release|Any CPU
		{A5395030-8D5C-41DB-8B43-3C9E16A8EE1E}.Debug|Any CPU.ActiveCfg = Debug|Any CPU
		{A5395030-8D5C-41DB-8B43-3C9E16A8EE1E}.Debug|Any CPU.Build.0 = Debug|Any CPU
		{A5395030-8D5C-41DB-8B43-3C9E16A8EE1E}.Release|Any CPU.ActiveCfg = Release|Any CPU
		{A5395030-8D5C-41DB-8B43-3C9E16A8EE1E}.Release|Any CPU.Build.0 = Release|Any CPU
		{B37B9781-B5E3-4832-9CF3-7DA9C4662C82}.Debug|Any CPU.ActiveCfg = Debug|Any CPU
		{B37B9781-B5E3-4832-9CF3-7DA9C4662C82}.Debug|Any CPU.Build.0 = Debug|Any CPU
		{B37B9781-B5E3-4832-9CF3-7DA9C4662C82}.Release|Any CPU.ActiveCfg = Release|Any CPU
		{B37B9781-B5E3-4832-9CF3-7DA9C4662C82}.Release|Any CPU.Build.0 = Release|Any CPU
	EndGlobalSection
	GlobalSection(SolutionProperties) = preSolution
		HideSolutionNode = FALSE
	EndGlobalSection
	GlobalSection(ExtensibilityGlobals) = postSolution
		SolutionGuid = {475395EF-3890-4431-801D-BCC2637C3251}
	EndGlobalSection
EndGlobal
